{
  "name": "metrics-sharelatex",
  "version": "2.6.2",
  "lockfileVersion": 1,
  "requires": true,
  "dependencies": {
    "@sinonjs/commons": {
      "version": "1.7.1",
      "resolved": "https://registry.npmjs.org/@sinonjs/commons/-/commons-1.7.1.tgz",
      "integrity": "sha512-Debi3Baff1Qu1Unc3mjJ96MgpbwTn43S1+9yJ0llWygPwDNu2aaWBD6yc9y/Z8XDRNhx7U+u2UDg2OGQXkclUQ==",
      "dev": true,
      "requires": {
        "type-detect": "4.0.8"
      }
    },
    "@sinonjs/formatio": {
      "version": "3.2.2",
      "resolved": "https://registry.npmjs.org/@sinonjs/formatio/-/formatio-3.2.2.tgz",
      "integrity": "sha512-B8SEsgd8gArBLMD6zpRw3juQ2FVSsmdd7qlevyDqzS9WTCtvF55/gAL+h6gue8ZvPYcdiPdvueM/qm//9XzyTQ==",
      "dev": true,
      "requires": {
        "@sinonjs/commons": "^1",
        "@sinonjs/samsam": "^3.1.0"
      }
    },
    "@sinonjs/samsam": {
      "version": "3.3.3",
      "resolved": "http://npm.das7pad.de/@sinonjs%2fsamsam/-/samsam-3.3.3.tgz",
      "integrity": "sha512-bKCMKZvWIjYD0BLGnNrxVuw4dkWCYsLqFOUWw8VgKF/+5Y+mE7LfHWPIYoDXowH+3a9LsWDMo0uAP8YDosPvHQ==",
      "dev": true,
      "requires": {
        "@sinonjs/commons": "^1.3.0",
        "array-from": "^2.1.1",
        "lodash": "^4.17.15"
      },
      "dependencies": {
        "lodash": {
          "version": "4.17.15",
          "resolved": "http://npm.das7pad.de/lodash/-/lodash-4.17.15.tgz",
          "integrity": "sha512-8xOcRHvCjnocdS5cpwXQXVzmmh5e5+saE2QGoeQmbKmRS6J3VQppPOIt0MnmE+4xlZoumy0GPG0D0MVIQbNA1A==",
          "dev": true
        }
      }
    },
    "@sinonjs/text-encoding": {
      "version": "0.7.1",
      "resolved": "http://npm.das7pad.de/@sinonjs%2ftext-encoding/-/text-encoding-0.7.1.tgz",
      "integrity": "sha512-+iTbntw2IZPb/anVDbypzfQa+ay64MW0Zo8aJ8gZPWMMK6/OubMVb6lUPMagqjOPnmtauXnFCACVl3O7ogjeqQ==",
      "dev": true
    },
    "array-from": {
      "version": "2.1.1",
      "resolved": "http://npm.das7pad.de/array-from/-/array-from-2.1.1.tgz",
      "integrity": "sha1-z+nYwmYoudxa7MYqn12PHzUsEZU=",
      "dev": true
    },
    "assertion-error": {
      "version": "1.1.0",
      "resolved": "http://npm.das7pad.de/assertion-error/-/assertion-error-1.1.0.tgz",
      "integrity": "sha512-jgsaNduz+ndvGyFt3uSuWqvy4lCnIJiovtouQN5JZHOKCS2QuhEdbcQHFhVksz2N2U9hXJo8odG7ETyWlEeuDw==",
      "dev": true
    },
    "bintrees": {
      "version": "1.0.1",
      "resolved": "http://npm.das7pad.de/bintrees/-/bintrees-1.0.1.tgz",
      "integrity": "sha1-DmVcm5wkNeqraL9AJyJtK1WjRSQ="
    },
    "chai": {
      "version": "4.2.0",
      "resolved": "http://npm.das7pad.de/chai/-/chai-4.2.0.tgz",
      "integrity": "sha512-XQU3bhBukrOsQCuwZndwGcCVQHyZi53fQ6Ys1Fym7E4olpIqqZZhhoFJoaKVvV17lWQoXYwgWN2nF5crA8J2jw==",
      "dev": true,
      "requires": {
        "assertion-error": "^1.1.0",
        "check-error": "^1.0.2",
        "deep-eql": "^3.0.1",
        "get-func-name": "^2.0.0",
        "pathval": "^1.1.0",
        "type-detect": "^4.0.5"
      }
    },
    "check-error": {
      "version": "1.0.2",
      "resolved": "http://npm.das7pad.de/check-error/-/check-error-1.0.2.tgz",
      "integrity": "sha1-V00xLt2Iu13YkS6Sht1sCu1KrII=",
      "dev": true
    },
    "coffee-script": {
      "version": "1.6.0",
      "resolved": "http://npm.das7pad.de/coffee-script/-/coffee-script-1.6.0.tgz",
      "integrity": "sha1-gIs5bhEPU9AhoZpO8fZb4OjjX6M="
    },
    "deep-eql": {
      "version": "3.0.1",
      "resolved": "http://npm.das7pad.de/deep-eql/-/deep-eql-3.0.1.tgz",
      "integrity": "sha512-+QeIQyN5ZuO+3Uk5DYh6/1eKO0m0YmJFGNmFHGACpf1ClL1nmlV/p4gNgbl2pJGxgXb4faqo6UE+M5ACEMyVcw==",
      "dev": true,
      "requires": {
        "type-detect": "^4.0.0"
      }
    },
    "get-func-name": {
      "version": "2.0.0",
      "resolved": "http://npm.das7pad.de/get-func-name/-/get-func-name-2.0.0.tgz",
      "integrity": "sha1-6td0q+5y4gQJQzoGY2YCPdaIekE=",
      "dev": true
    },
    "has-flag": {
      "version": "3.0.0",
      "resolved": "http://npm.das7pad.de/has-flag/-/has-flag-3.0.0.tgz",
      "integrity": "sha1-tdRU3CGZriJWmfNGfloH87lVuv0=",
      "dev": true
    },
    "just-extend": {
      "version": "4.1.0",
      "resolved": "https://registry.npmjs.org/just-extend/-/just-extend-4.1.0.tgz",
      "integrity": "sha512-ApcjaOdVTJ7y4r08xI5wIqpvwS48Q0PBG4DJROcEkH1f8MdAiNFyFxz3xoL0LWAVwjrwPYZdVHHxhRHcx/uGLA==",
      "dev": true
    },
    "lolex": {
      "version": "4.2.0",
      "resolved": "http://npm.das7pad.de/lolex/-/lolex-4.2.0.tgz",
      "integrity": "sha512-gKO5uExCXvSm6zbF562EvM+rd1kQDnB9AZBbiQVzf1ZmdDpxUSvpnAaVOP83N/31mRK8Ml8/VE8DMvsAZQ+7wg==",
      "dev": true
    },
    "lynx": {
      "version": "0.1.1",
      "resolved": "http://npm.das7pad.de/lynx/-/lynx-0.1.1.tgz",
      "integrity": "sha1-Mxjc7xaQi4KG6Bisz9sxzXQkj50=",
      "requires": {
        "mersenne": "~0.0.3",
        "statsd-parser": "~0.0.4"
      }
    },
    "mersenne": {
      "version": "0.0.4",
      "resolved": "http://npm.das7pad.de/mersenne/-/mersenne-0.0.4.tgz",
      "integrity": "sha1-QB/ex+whzbngPNPTAhOY2iGycIU="
    },
    "nise": {
      "version": "1.5.3",
      "resolved": "https://registry.npmjs.org/nise/-/nise-1.5.3.tgz",
      "integrity": "sha512-Ymbac/94xeIrMf59REBPOv0thr+CJVFMhrlAkW/gjCIE58BGQdCj0x7KRCb3yz+Ga2Rz3E9XXSvUyyxqqhjQAQ==",
      "dev": true,
      "requires": {
        "@sinonjs/formatio": "^3.2.1",
        "@sinonjs/text-encoding": "^0.7.1",
        "just-extend": "^4.0.2",
        "lolex": "^5.0.1",
        "path-to-regexp": "^1.7.0"
      },
      "dependencies": {
        "lolex": {
          "version": "5.1.2",
          "resolved": "https://registry.npmjs.org/lolex/-/lolex-5.1.2.tgz",
          "integrity": "sha512-h4hmjAvHTmd+25JSwrtTIuwbKdwg5NzZVRMLn9saij4SZaepCrTCxPr35H/3bjwfMJtN+t3CX8672UIkglz28A==",
          "dev": true,
          "requires": {
            "@sinonjs/commons": "^1.7.0"
          }
        }
      }
    },
    "path-to-regexp": {
      "version": "1.8.0",
      "resolved": "https://registry.npmjs.org/path-to-regexp/-/path-to-regexp-1.8.0.tgz",
      "integrity": "sha512-n43JRhlUKUAlibEJhPeir1ncUID16QnEjNpwzNdO3Lm4ywrBpBZ5oLD0I6br9evr1Y9JTqwRtAh7JLoOzAQdVA==",
      "dev": true,
      "requires": {
        "isarray": "0.0.1"
      },
      "dependencies": {
        "isarray": {
          "version": "0.0.1",
          "resolved": "http://npm.das7pad.de/isarray/-/isarray-0.0.1.tgz",
          "integrity": "sha1-ihis/Kmo9Bd+Cav8YDiTmwXR7t8=",
          "dev": true
        }
      }
    },
    "pathval": {
      "version": "1.1.0",
      "resolved": "http://npm.das7pad.de/pathval/-/pathval-1.1.0.tgz",
      "integrity": "sha1-uULm1L3mUwBe9rcTYd74cn0GReA=",
      "dev": true
    },
    "prom-client": {
      "version": "11.5.3",
      "resolved": "http://npm.das7pad.de/prom-client/-/prom-client-11.5.3.tgz",
      "integrity": "sha512-iz22FmTbtkyL2vt0MdDFY+kWof+S9UB/NACxSn2aJcewtw+EERsen0urSkZ2WrHseNdydsvcxCTAnPcSMZZv4Q==",
      "requires": {
        "tdigest": "^0.1.1"
      }
    },
    "require-like": {
      "version": "0.1.2",
      "resolved": "http://npm.das7pad.de/require-like/-/require-like-0.1.2.tgz",
      "integrity": "sha1-rW8wwTvs15cBDEaK+ndcDAprR/o=",
      "dev": true
    },
    "sandboxed-module": {
      "version": "2.0.3",
      "resolved": "http://npm.das7pad.de/sandboxed-module/-/sandboxed-module-2.0.3.tgz",
      "integrity": "sha1-x+VFkzm7y6KMUwPusz9ug4e/upY=",
      "dev": true,
      "requires": {
        "require-like": "0.1.2",
        "stack-trace": "0.0.9"
      }
    },
    "sinon": {
      "version": "7.5.0",
      "resolved": "http://npm.das7pad.de/sinon/-/sinon-7.5.0.tgz",
      "integrity": "sha512-AoD0oJWerp0/rY9czP/D6hDTTUYGpObhZjMpd7Cl/A6+j0xBE+ayL/ldfggkBXUs0IkvIiM1ljM8+WkOc5k78Q==",
      "dev": true,
      "requires": {
        "@sinonjs/commons": "^1.4.0",
        "@sinonjs/formatio": "^3.2.1",
        "@sinonjs/samsam": "^3.3.3",
        "diff": "^3.5.0",
        "lolex": "^4.2.0",
        "nise": "^1.5.2",
        "supports-color": "^5.5.0"
      },
      "dependencies": {
        "diff": {
          "version": "3.5.0",
          "resolved": "http://npm.das7pad.de/diff/-/diff-3.5.0.tgz",
          "integrity": "sha512-A46qtFgd+g7pDZinpnwiRJtxbC1hpgf0uzP3iG89scHk0AUC7A1TGxf5OiiOUv/JMZR8GOt8hL900hV0bOy5xA==",
          "dev": true
        },
        "supports-color": {
          "version": "5.5.0",
          "resolved": "http://npm.das7pad.de/supports-color/-/supports-color-5.5.0.tgz",
          "integrity": "sha512-QjVjwdXIt408MIiAqCX4oUKsgU2EqAGzs2Ppkm4aQYbjm+ZEWEcW4SfFNTr4uMNZma0ey4f5lgLrkB0aX0QMow==",
          "dev": true,
          "requires": {
            "has-flag": "^3.0.0"
          }
        }
      }
    },
    "stack-trace": {
      "version": "0.0.9",
      "resolved": "http://npm.das7pad.de/stack-trace/-/stack-trace-0.0.9.tgz",
      "integrity": "sha1-qPbq7KkGdMMz58Q5U/J1tFFRBpU=",
      "dev": true
    },
    "statsd-parser": {
      "version": "0.0.4",
      "resolved": "http://npm.das7pad.de/statsd-parser/-/statsd-parser-0.0.4.tgz",
      "integrity": "sha1-y9JDlTzELv/VSLXSI4jtaJ7GOb0="
    },
    "tdigest": {
      "version": "0.1.1",
      "resolved": "http://npm.das7pad.de/tdigest/-/tdigest-0.1.1.tgz",
      "integrity": "sha1-Ljyyw56kSeVdHmzZEReszKRYgCE=",
      "requires": {
        "bintrees": "1.0.1"
      }
    },
    "type-detect": {
      "version": "4.0.8",
      "resolved": "http://npm.das7pad.de/type-detect/-/type-detect-4.0.8.tgz",
      "integrity": "sha512-0fr/mIH1dlO+x7TlcMy+bIDqKPsw/70tVyeHW787goQjhmqaZe10uwLujubK9q9Lg6Fiho1KUKDYz0Z7k7g5/g==",
      "dev": true
    },
    "yn": {
      "version": "3.1.1",
      "resolved": "https://registry.npmjs.org/yn/-/yn-3.1.1.tgz",
      "integrity": "sha512-Ux4ygGWsu2c7isFWe8Yu1YluJmqVhxqK2cLXNQA5AcC3QfbGNpM7fu0Y8b/z16pXLnFxZYvWhd3fhBY9DLmC6Q=="
    }
  }
}
